# This file is autogenerated, do not edit; changes may be undone by the next 'dep ensure'.


[[projects]]
  name = "github.com/hashicorp/vault"
  packages = ["shamir"]
  revision = "7e1fbde40afee241f81ef08700e7987d86fc7242"
  version = "v0.9.6"

[solve-meta]
  analyzer-name = "dep"
  analyzer-version = 1
  inputs-digest = "708cc9556ef7557e7da03f648b38492afe1a2af3e9365c9b9f2f486b4225da75"
  solver-name = "gps-cdcl"
  solver-version = 1
